{
    "_readme": [
        "This file locks the dependencies of your project to a known state",
        "Read more about it at https://getcomposer.org/doc/01-basic-usage.md#installing-dependencies",
        "This file is @generated automatically"
    ],
    "content-hash": "0a4b42e6a5dd2f18e6291a314ccdf6b9",
    "packages": [
        {
            "name": "pixxel/cookie",
            "version": "2.0",
            "source": {
                "type": "git",
                "url": "https://github.com/pixxelfactory/cookie.git",
                "reference": "12e32887386a5f808ce23e757348467bb8acf44f"
            },
            "dist": {
                "type": "zip",
                "url": "https://api.github.com/repos/pixxelfactory/cookie/zipball/12e32887386a5f808ce23e757348467bb8acf44f",
                "reference": "12e32887386a5f808ce23e757348467bb8acf44f",
                "shasum": ""
            },
            "require": {
                "php": "^8.0"
            },
            "require-dev": {
                "friendsofphp/php-cs-fixer": "^2.3 || ^2.8",
                "phpmd/phpmd": "^2.6",
                "phpunit/phpunit": "^9.0",
                "squizlabs/php_codesniffer": "^3.0"
            },
            "type": "library",
            "extra": {
                "branch-alias": {
                    "dev-master": "1.0-dev"
                }
            },
            "autoload": {
                "psr-4": {
                    "Pixxel\\": "src/"
                }
            },
            "notification-url": "https://packagist.org/downloads/",
            "license": [
                "MIT"
            ],
            "authors": [
                {
                    "name": "Josantonius",
                    "email": "hello@josantonius.com",
                    "homepage": "https://josantonius.com",
                    "role": "Developer"
                },
                {
                    "name": "Pixxelfactory",
                    "email": "box@pixxelfactory.net",
                    "homepage": "https://www.pixxelfactory.net",
                    "role": "Web Development Agency"
                }
            ],
            "description": "PHP library for handling cookies.",
            "keywords": [
                "cookies",
                "hhvm",
                "php"
            ],
            "support": {
                "issues": "https://github.com/pixxelfactory/cookie/issues",
                "source": "https://github.com/pixxelfactory/cookie"
            },
            "time": "2022-07-08T14:55:53+00:00"
        },
        {
            "name": "pixxel/dbal",
            "version": "1.1.1",
            "source": {
                "type": "git",
                "url": "https://github.com/pixxelfactory/dbal.git",
                "reference": "e38ebbd3af6cf822c9c714cdbf3cbf3aac8d378f"
            },
            "dist": {
                "type": "zip",
                "url": "https://api.github.com/repos/pixxelfactory/dbal/zipball/e38ebbd3af6cf822c9c714cdbf3cbf3aac8d378f",
                "reference": "e38ebbd3af6cf822c9c714cdbf3cbf3aac8d378f",
                "shasum": ""
            },
            "require": {
                "php": ">= 7.4"
            },
            "require-dev": {
                "phpunit/phpunit": "^9.5"
            },
            "type": "library",
            "autoload": {
                "psr-4": {
                    "Pixxel\\": "src/Pixxel/"
                }
            },
            "notification-url": "https://packagist.org/downloads/",
            "license": [
                "MIT"
            ],
            "authors": [
                {
                    "name": "Pixxelfactory",
                    "email": "box@pixxelfactory.net"
                }
            ],
            "description": "A simple PDO wrapper / DBAL, with easier syntax than pdo",
            "support": {
                "issues": "https://github.com/pixxelfactory/dbal/issues",
                "source": "https://github.com/pixxelfactory/dbal/tree/1.1.1"
            },
            "time": "2022-07-14T09:43:51+00:00"
        },
        {
            "name": "pixxel/session",
            "version": "v2.0.3",
            "source": {
                "type": "git",
                "url": "https://github.com/pixxelfactory/session.git",
                "reference": "bfc93d42300e539e99e1acc6c7154ea4fd7e23f9"
            },
            "dist": {
                "type": "zip",
                "url": "https://api.github.com/repos/pixxelfactory/session/zipball/bfc93d42300e539e99e1acc6c7154ea4fd7e23f9",
                "reference": "bfc93d42300e539e99e1acc6c7154ea4fd7e23f9",
                "shasum": ""
            },
            "require": {
                "php": "^8.0"
            },
            "require-dev": {
                "phpmd/phpmd": "^2.12",
                "phpunit/phpunit": "^9.0",
                "squizlabs/php_codesniffer": "^3.7"
            },
            "type": "library",
            "extra": {
                "branch-alias": {
                    "dev-master": "1.0-dev"
                }
            },
            "autoload": {
                "psr-4": {
                    "Pixxel\\": "src/"
                }
            },
            "notification-url": "https://packagist.org/downloads/",
            "license": [
                "MIT"
            ],
            "authors": [
                {
                    "name": "Josantonius",
                    "email": "hello@josantonius.dev",
                    "homepage": "https://josantonius.dev",
                    "role": "Developer"
                },
                {
                    "name": "Pixxelfactory",
                    "email": "box@pixxelfactory.net",
                    "homepage": "https://www.pixxelfactory.net",
                    "role": "Developer"
                }
            ],
            "description": "PHP library for handling sessions.",
            "keywords": [
                "php",
                "session"
            ],
            "support": {
                "discussions": "https://github.com/pixxel/session/discussions",
                "issues": "https://github.com/pixxel/session/issues",
                "source": "https://github.com/pixxel/session"
            },
            "funding": [
                {
                    "url": "https://github.com/Josantonius",
                    "type": "github"
                }
            ],
            "time": "2022-07-11T09:57:37+00:00"
        }
    ],
    "packages-dev": [],
    "aliases": [],
    "minimum-stability": "stable",
    "stability-flags": [],
    "prefer-stable": false,
    "prefer-lowest": false,
    "platform": [],
    "platform-dev": [],
    "plugin-api-version": "2.3.0"
}
